
Microsoft Visual Studio Solution File, Format Version 12.00
# Visual Studio Version 16
VisualStudioVersion = 16.0.30804.86
MinimumVisualStudioVersion = 10.0.40219.1
Project("{888888A0-9F3D-457C-B088-3A5042F75D52}") = "Final boss", "Final boss\Final boss.pyproj", "{6DF06F99-57EA-4434-AD13-3544A63C6D7D}"
EndProject
Global
	GlobalSection(SolutionConfigurationPlatforms) = preSolution
		Debug|Any CPU = Debug|Any CPU
		Release|Any CPU = Release|Any CPU
	EndGlobalSection
	GlobalSection(ProjectConfigurationPlatforms) = postSolution
		{6DF06F99-57EA-4434-AD13-3544A63C6D7D}.Debug|Any CPU.ActiveCfg = Debug|Any CPU
		{6DF06F99-57EA-4434-AD13-3544A63C6D7D}.Release|Any CPU.ActiveCfg = Release|Any CPU
	EndGlobalSection
	GlobalSection(SolutionProperties) = preSolution
		HideSolutionNode = FALSE
	EndGlobalSection
	GlobalSection(ExtensibilityGlobals) = postSolution
		SolutionGuid = {D61B0D1A-7524-429D-BDD7-F9B23D01A6F7}
	EndGlobalSection
EndGlobal
